
Microsoft Visual Studio Solution File, Format Version 12.00
# Visual Studio Version 17
VisualStudioVersion = 17.2.32630.192
MinimumVisualStudioVersion = 10.0.40219.1
Project("{FAE04EC0-301F-11D3-BF4B-00C04F79EFBC}") = "OnTheBeach", "OnTheBeach\OnTheBeach.csproj", "{257BD1CE-00C7-4EDF-80E9-1E6DF26CBCF8}"
EndProject
Project("{FAE04EC0-301F-11D3-BF4B-00C04F79EFBC}") = "OnTheBeach.Tests", "OnTheBeach.Tests\OnTheBeach.Tests.csproj", "{9C74D0AE-10E2-49C9-BB86-A1C928248391}"
EndProject
Project("{2150E333-8FDC-42A3-9474-1A3956D46DE8}") = "Solution Items", "Solution Items", "{DC081538-376C-47A3-8209-EE05C6537CDA}"
	ProjectSection(SolutionItems) = preProject
		.editorconfig = .editorconfig
	EndProjectSection
EndProject
Global
	GlobalSection(SolutionConfigurationPlatforms) = preSolution
		Debug|Any CPU = Debug|Any CPU
		Release|Any CPU = Release|Any CPU
	EndGlobalSection
	GlobalSection(ProjectConfigurationPlatforms) = postSolution
		{257BD1CE-00C7-4EDF-80E9-1E6DF26CBCF8}.Debug|Any CPU.ActiveCfg = Debug|Any CPU
		{257BD1CE-00C7-4EDF-80E9-1E6DF26CBCF8}.Debug|Any CPU.Build.0 = Debug|Any CPU
		{257BD1CE-00C7-4EDF-80E9-1E6DF26CBCF8}.Release|Any CPU.ActiveCfg = Release|Any CPU
		{257BD1CE-00C7-4EDF-80E9-1E6DF26CBCF8}.Release|Any CPU.Build.0 = Release|Any CPU
		{9C74D0AE-10E2-49C9-BB86-A1C928248391}.Debug|Any CPU.ActiveCfg = Debug|Any CPU
		{9C74D0AE-10E2-49C9-BB86-A1C928248391}.Debug|Any CPU.Build.0 = Debug|Any CPU
		{9C74D0AE-10E2-49C9-BB86-A1C928248391}.Release|Any CPU.ActiveCfg = Release|Any CPU
		{9C74D0AE-10E2-49C9-BB86-A1C928248391}.Release|Any CPU.Build.0 = Release|Any CPU
	EndGlobalSection
	GlobalSection(SolutionProperties) = preSolution
		HideSolutionNode = FALSE
	EndGlobalSection
	GlobalSection(ExtensibilityGlobals) = postSolution
		SolutionGuid = {E5403B39-C9B5-4FE3-BA90-0C64F60BAC1B}
	EndGlobalSection
EndGlobal
